
Microsoft Visual Studio Solution File, Format Version 12.00
# Visual Studio Version 16
VisualStudioVersion = 16.0.31410.357
MinimumVisualStudioVersion = 10.0.40219.1
Project("{9A19103F-16F7-4668-BE54-9A1E7A4F7556}") = "HilaWeiser_align", "HilaWeiser_align\HilaWeiser_align.csproj", "{B8D1485E-8790-4851-B933-E55288DCE49D}"
EndProject
Project("{9A19103F-16F7-4668-BE54-9A1E7A4F7556}") = "align_bl", "align_bl\align_bl.csproj", "{7B74C2A2-9DD5-44D5-84C2-FBDACEAFBCC0}"
EndProject
Global
	GlobalSection(SolutionConfigurationPlatforms) = preSolution
		Debug|Any CPU = Debug|Any CPU
		Release|Any CPU = Release|Any CPU
	EndGlobalSection
	GlobalSection(ProjectConfigurationPlatforms) = postSolution
		{B8D1485E-8790-4851-B933-E55288DCE49D}.Debug|Any CPU.ActiveCfg = Debug|Any CPU
		{B8D1485E-8790-4851-B933-E55288DCE49D}.Debug|Any CPU.Build.0 = Debug|Any CPU
		{B8D1485E-8790-4851-B933-E55288DCE49D}.Release|Any CPU.ActiveCfg = Release|Any CPU
		{B8D1485E-8790-4851-B933-E55288DCE49D}.Release|Any CPU.Build.0 = Release|Any CPU
		{7B74C2A2-9DD5-44D5-84C2-FBDACEAFBCC0}.Debug|Any CPU.ActiveCfg = Debug|Any CPU
		{7B74C2A2-9DD5-44D5-84C2-FBDACEAFBCC0}.Debug|Any CPU.Build.0 = Debug|Any CPU
		{7B74C2A2-9DD5-44D5-84C2-FBDACEAFBCC0}.Release|Any CPU.ActiveCfg = Release|Any CPU
		{7B74C2A2-9DD5-44D5-84C2-FBDACEAFBCC0}.Release|Any CPU.Build.0 = Release|Any CPU
	EndGlobalSection
	GlobalSection(SolutionProperties) = preSolution
		HideSolutionNode = FALSE
	EndGlobalSection
	GlobalSection(ExtensibilityGlobals) = postSolution
		SolutionGuid = {536FE63B-268A-414B-AE51-D523F15D7560}
	EndGlobalSection
EndGlobal
